
Microsoft Visual Studio Solution File, Format Version 12.00
# Visual Studio Version 17
VisualStudioVersion = 17.14.36301.6 d17.14
MinimumVisualStudioVersion = 10.0.40219.1
Project("{FAE04EC0-301F-11D3-BF4B-00C04F79EFBC}") = "PeakCheat", "PeakCheat.csproj", "{9279AC25-EA9A-415C-A2F4-A97851EDABBF}"
EndProject
Global
	GlobalSection(SolutionConfigurationPlatforms) = preSolution
		Debug|Any CPU = Debug|Any CPU
		Release|Any CPU = Release|Any CPU
	EndGlobalSection
	GlobalSection(ProjectConfigurationPlatforms) = postSolution
		{9279AC25-EA9A-415C-A2F4-A97851EDABBF}.Debug|Any CPU.ActiveCfg = Debug|Any CPU
		{9279AC25-EA9A-415C-A2F4-A97851EDABBF}.Debug|Any CPU.Build.0 = Debug|Any CPU
		{9279AC25-EA9A-415C-A2F4-A97851EDABBF}.Release|Any CPU.ActiveCfg = Release|Any CPU
		{9279AC25-EA9A-415C-A2F4-A97851EDABBF}.Release|Any CPU.Build.0 = Release|Any CPU
	EndGlobalSection
	GlobalSection(SolutionProperties) = preSolution
		HideSolutionNode = FALSE
	EndGlobalSection
	GlobalSection(ExtensibilityGlobals) = postSolution
		SolutionGuid = {E8D5E655-B82C-403B-A415-6F9A9187784A}
	EndGlobalSection
EndGlobal
